github.com/gorilla/websocket v1.5.3 h1:saDtZ6Pbx/0u+bgYQ3q96pZgCzfhKXGPqt7kZ72aNNg=
github.com/gorilla/websocket v1.5.3/go.mod h1:YR8l580nyteQvAITg2hZ9XVh4b55+EU/adAjf1fMHhE=
github.com/ollama/ollama v0.5.13 h1:URBx4e6nyAaVhEGXH6AWVqORhebcSQcJ7hLTS0xkAPg=
github.com/ollama/ollama v0.5.13/go.mod h1:tCNqO/GjOA24FD16QtC8RhI1BNV4SYowhugtIHgFij4=
